dependencies:
- name: nginx-ingress
  repository: https://kubernetes-charts.storage.googleapis.com
  version: 1.1.1
- name: cert-manager
  repository: https://kubernetes-charts.storage.googleapis.com
  version: v0.5.2
digest: sha256:5d9035c3e065efe55513d9381e60c57f0077e09d4cf832e8da3ec8f1254915cc
generated: 2018-12-29T19:45:21.626144+01:00
